# THIS IS AN AUTOGENERATED FILE. DO NOT EDIT THIS FILE DIRECTLY.
# yarn lockfile v1


react-favicon@^0.0.18:
  version "0.0.18"
  resolved "https://registry.yarnpkg.com/react-favicon/-/react-favicon-0.0.18.tgz#a5fbb57ae89a90d3790518125cbb8c8dcefd3d98"
  integrity sha512-FB3WAuzqGjMxFSi+QzPTnXlCeOmuBZpl/Ilxkd9sf73cW6Q31ThBjS1j3tfN9Uxo88ECOsR7NIAUedbiddc7VQ==
